
Microsoft Visual Studio Solution File, Format Version 12.00
# Visual Studio Version 17
VisualStudioVersion = 17.2.32516.85
MinimumVisualStudioVersion = 10.0.40219.1
Project("{FAE04EC0-301F-11D3-BF4B-00C04F79EFBC}") = "StoreManager.Data", "StoreManager.Data\StoreManager.Data.csproj", "{D8FAA24B-567B-45F6-86ED-08C415F7BF21}"
EndProject
Project("{9A19103F-16F7-4668-BE54-9A1E7A4F7556}") = "StoreManager.Web", "StoreManager.Web\StoreManager.Web.csproj", "{CCC45C69-8B56-4D11-B7D8-518E87B31D0D}"
EndProject
Project("{FAE04EC0-301F-11D3-BF4B-00C04F79EFBC}") = "StoreManager.Infrastructure", "StoreManager.Infrastructure\StoreManager.Infrastructure.csproj", "{A7A6E937-71AE-4033-A3A7-7C4075D85B1B}"
EndProject
Global
	GlobalSection(SolutionConfigurationPlatforms) = preSolution
		Debug|Any CPU = Debug|Any CPU
		Release|Any CPU = Release|Any CPU
	EndGlobalSection
	GlobalSection(ProjectConfigurationPlatforms) = postSolution
		{D8FAA24B-567B-45F6-86ED-08C415F7BF21}.Debug|Any CPU.ActiveCfg = Debug|Any CPU
		{D8FAA24B-567B-45F6-86ED-08C415F7BF21}.Debug|Any CPU.Build.0 = Debug|Any CPU
		{D8FAA24B-567B-45F6-86ED-08C415F7BF21}.Release|Any CPU.ActiveCfg = Release|Any CPU
		{D8FAA24B-567B-45F6-86ED-08C415F7BF21}.Release|Any CPU.Build.0 = Release|Any CPU
		{CCC45C69-8B56-4D11-B7D8-518E87B31D0D}.Debug|Any CPU.ActiveCfg = Debug|Any CPU
		{CCC45C69-8B56-4D11-B7D8-518E87B31D0D}.Debug|Any CPU.Build.0 = Debug|Any CPU
		{CCC45C69-8B56-4D11-B7D8-518E87B31D0D}.Release|Any CPU.ActiveCfg = Release|Any CPU
		{CCC45C69-8B56-4D11-B7D8-518E87B31D0D}.Release|Any CPU.Build.0 = Release|Any CPU
		{A7A6E937-71AE-4033-A3A7-7C4075D85B1B}.Debug|Any CPU.ActiveCfg = Debug|Any CPU
		{A7A6E937-71AE-4033-A3A7-7C4075D85B1B}.Debug|Any CPU.Build.0 = Debug|Any CPU
		{A7A6E937-71AE-4033-A3A7-7C4075D85B1B}.Release|Any CPU.ActiveCfg = Release|Any CPU
		{A7A6E937-71AE-4033-A3A7-7C4075D85B1B}.Release|Any CPU.Build.0 = Release|Any CPU
	EndGlobalSection
	GlobalSection(SolutionProperties) = preSolution
		HideSolutionNode = FALSE
	EndGlobalSection
	GlobalSection(ExtensibilityGlobals) = postSolution
		SolutionGuid = {DF52DB4E-7498-4913-B7A4-0B5AABC79A8B}
	EndGlobalSection
EndGlobal
